
Microsoft Visual Studio Solution File, Format Version 12.00
# Visual Studio Version 17
VisualStudioVersion = 17.0.32014.148
MinimumVisualStudioVersion = 10.0.40219.1
Project("{FAE04EC0-301F-11D3-BF4B-00C04F79EFBC}") = "KafeTekno.UI", "KafeTekno.UI\KafeTekno.UI.csproj", "{26750F63-32BE-4CF4-BF24-36F751B09CC0}"
EndProject
Project("{FAE04EC0-301F-11D3-BF4B-00C04F79EFBC}") = "KafeTekno.DATA", "KafeTekno.DATA\KafeTekno.DATA.csproj", "{D264F093-AD03-4BCB-A760-FFC171510083}"
EndProject
Global
	GlobalSection(SolutionConfigurationPlatforms) = preSolution
		Debug|Any CPU = Debug|Any CPU
		Release|Any CPU = Release|Any CPU
	EndGlobalSection
	GlobalSection(ProjectConfigurationPlatforms) = postSolution
		{26750F63-32BE-4CF4-BF24-36F751B09CC0}.Debug|Any CPU.ActiveCfg = Debug|Any CPU
		{26750F63-32BE-4CF4-BF24-36F751B09CC0}.Debug|Any CPU.Build.0 = Debug|Any CPU
		{26750F63-32BE-4CF4-BF24-36F751B09CC0}.Release|Any CPU.ActiveCfg = Release|Any CPU
		{26750F63-32BE-4CF4-BF24-36F751B09CC0}.Release|Any CPU.Build.0 = Release|Any CPU
		{D264F093-AD03-4BCB-A760-FFC171510083}.Debug|Any CPU.ActiveCfg = Debug|Any CPU
		{D264F093-AD03-4BCB-A760-FFC171510083}.Debug|Any CPU.Build.0 = Debug|Any CPU
		{D264F093-AD03-4BCB-A760-FFC171510083}.Release|Any CPU.ActiveCfg = Release|Any CPU
		{D264F093-AD03-4BCB-A760-FFC171510083}.Release|Any CPU.Build.0 = Release|Any CPU
	EndGlobalSection
	GlobalSection(SolutionProperties) = preSolution
		HideSolutionNode = FALSE
	EndGlobalSection
	GlobalSection(ExtensibilityGlobals) = postSolution
		SolutionGuid = {703ACBF9-ABC3-456D-A4A2-0A29D03ADDA6}
	EndGlobalSection
EndGlobal
